
Microsoft Visual Studio Solution File, Format Version 12.00
# Visual Studio Version 16
VisualStudioVersion = 16.0.31911.196
MinimumVisualStudioVersion = 10.0.40219.1
Project("{FAE04EC0-301F-11D3-BF4B-00C04F79EFBC}") = "syromiatnikov08", "syromiatnikov08\syromiatnikov08.csproj", "{27539A40-C68F-4999-BCD8-998308B0816E}"
EndProject
Global
	GlobalSection(SolutionConfigurationPlatforms) = preSolution
		Debug|Any CPU = Debug|Any CPU
		Release|Any CPU = Release|Any CPU
	EndGlobalSection
	GlobalSection(ProjectConfigurationPlatforms) = postSolution
		{27539A40-C68F-4999-BCD8-998308B0816E}.Debug|Any CPU.ActiveCfg = Debug|Any CPU
		{27539A40-C68F-4999-BCD8-998308B0816E}.Debug|Any CPU.Build.0 = Debug|Any CPU
		{27539A40-C68F-4999-BCD8-998308B0816E}.Release|Any CPU.ActiveCfg = Release|Any CPU
		{27539A40-C68F-4999-BCD8-998308B0816E}.Release|Any CPU.Build.0 = Release|Any CPU
	EndGlobalSection
	GlobalSection(SolutionProperties) = preSolution
		HideSolutionNode = FALSE
	EndGlobalSection
	GlobalSection(ExtensibilityGlobals) = postSolution
		SolutionGuid = {FF36ED9C-AFDD-4215-A8F6-9768A2D39CF7}
	EndGlobalSection
EndGlobal
